
Microsoft Visual Studio Solution File, Format Version 12.00
# Visual Studio 14
VisualStudioVersion = 14.0.25123.0
MinimumVisualStudioVersion = 10.0.40219.1
Project("{29F97347-83D8-47ED-9139-96A80B0A7B5A}") = "Sitecore.Support.353856", "Sitecore.Support.353856\Sitecore.Support.353856.csproj", "{70CA242D-0D0C-42E0-92BE-7E10005D71CB}"
EndProject
Global
	GlobalSection(SolutionConfigurationPlatforms) = preSolution
		Debug|Any CPU = Debug|Any CPU
		Release|Any CPU = Release|Any CPU
	EndGlobalSection
	GlobalSection(ProjectConfigurationPlatforms) = postSolution
		{70CA242D-0D0C-42E0-92BE-7E10005D71CB}.Debug|Any CPU.ActiveCfg = Debug|Any CPU
		{70CA242D-0D0C-42E0-92BE-7E10005D71CB}.Debug|Any CPU.Build.0 = Debug|Any CPU
		{70CA242D-0D0C-42E0-92BE-7E10005D71CB}.Release|Any CPU.ActiveCfg = Release|Any CPU
		{70CA242D-0D0C-42E0-92BE-7E10005D71CB}.Release|Any CPU.Build.0 = Release|Any CPU
	EndGlobalSection
	GlobalSection(SolutionProperties) = preSolution
		HideSolutionNode = FALSE
	EndGlobalSection
EndGlobal
